// !$*UTF8*$!
{
	archiveVersion = 1;
	classes = {
	};
	objectVersion = 50;
	objects = {

/* Begin PBXBuildFile section */
		3F29300D23BD6F6500A96E25 /* AppDelegate.swift in Sources */ = {isa = PBXBuildFile; fileRef = 3F29300C23BD6F6500A96E25 /* AppDelegate.swift */; };
		3F29300F23BD6F6500A96E25 /* ViewController.swift in Sources */ = {isa = PBXBuildFile; fileRef = 3F29300E23BD6F6500A96E25 /* ViewController.swift */; };
		3F29301223BD6F6500A96E25 /* Main.storyboard in Resources */ = {isa = PBXBuildFile; fileRef = 3F29301023BD6F6500A96E25 /* Main.storyboard */; };
		3F29301523BD6F6500A96E25 /* LiteRSS.xcdatamodeld in Sources */ = {isa = PBXBuildFile; fileRef = 3F29301323BD6F6500A96E25 /* LiteRSS.xcdatamodeld */; };
		3F29301723BD6F6800A96E25 /* Assets.xcassets in Resources */ = {isa = PBXBuildFile; fileRef = 3F29301623BD6F6800A96E25 /* Assets.xcassets */; };
		3F29301A23BD6F6800A96E25 /* LaunchScreen.storyboard in Resources */ = {isa = PBXBuildFile; fileRef = 3F29301823BD6F6800A96E25 /* LaunchScreen.storyboard */; };
		3F29302523BD6F6800A96E25 /* LiteRSSTests.swift in Sources */ = {isa = PBXBuildFile; fileRef = 3F29302423BD6F6800A96E25 /* LiteRSSTests.swift */; };
		3F29303023BD6F6900A96E25 /* LiteRSSUITests.swift in Sources */ = {isa = PBXBuildFile; fileRef = 3F29302F23BD6F6900A96E25 /* LiteRSSUITests.swift */; };
		3F29303E23BD773200A96E25 /* data.xml in Resources */ = {isa = PBXBuildFile; fileRef = 3F29303D23BD773200A96E25 /* data.xml */; };
		7221D23040FDF2043F111D44 /* Pods_LiteRSS.framework in Frameworks */ = {isa = PBXBuildFile; fileRef = 7F024F1B67EC97BB77E2881B /* Pods_LiteRSS.framework */; };
/* End PBXBuildFile section */

/* Begin PBXContainerItemProxy section */
		3F29302123BD6F6800A96E25 /* PBXContainerItemProxy */ = {
			isa = PBXContainerItemProxy;
			containerPortal = 3F29300123BD6F6500A96E25 /* Project object */;
			proxyType = 1;
			remoteGlobalIDString = 3F29300823BD6F6500A96E25;
			remoteInfo = LiteRSS;
		};
		3F29302C23BD6F6900A96E25 /* PBXContainerItemProxy */ = {
			isa = PBXContainerItemProxy;
			containerPortal = 3F29300123BD6F6500A96E25 /* Project object */;
			proxyType = 1;
			remoteGlobalIDString = 3F29300823BD6F6500A96E25;
			remoteInfo = LiteRSS;
		};
/* End PBXContainerItemProxy section */

/* Begin PBXFileReference section */
		3F29300923BD6F6500A96E25 /* LiteRSS.app */ = {isa = PBXFileReference; explicitFileType = wrapper.application; includeInIndex = 0; path = LiteRSS.app; sourceTree = BUILT_PRODUCTS_DIR; };
		3F29300C23BD6F6500A96E25 /* AppDelegate.swift */ = {isa = PBXFileReference; lastKnownFileType = sourcecode.swift; path = AppDelegate.swift; sourceTree = "<group>"; };
		3F29300E23BD6F6500A96E25 /* ViewController.swift */ = {isa = PBXFileReference; lastKnownFileType = sourcecode.swift; path = ViewController.swift; sourceTree = "<group>"; };
		3F29301123BD6F6500A96E25 /* Base */ = {isa = PBXFileReference; lastKnownFileType = file.storyboard; name = Base; path = Base.lproj/Main.storyboard; sourceTree = "<group>"; };
		3F29301423BD6F6500A96E25 /* LiteRSS.xcdatamodel */ = {isa = PBXFileReference; lastKnownFileType = wrapper.xcdatamodel; path = LiteRSS.xcdatamodel; sourceTree = "<group>"; };
		3F29301623BD6F6800A96E25 /* Assets.xcassets */ = {isa = PBXFileReference; lastKnownFileType = folder.assetcatalog; path = Assets.xcassets; sourceTree = "<group>"; };
		3F29301923BD6F6800A96E25 /* Base */ = {isa = PBXFileReference; lastKnownFileType = file.storyboard; name = Base; path = Base.lproj/LaunchScreen.storyboard; sourceTree = "<group>"; };
		3F29301B23BD6F6800A96E25 /* Info.plist */ = {isa = PBXFileReference; lastKnownFileType = text.plist.xml; path = Info.plist; sourceTree = "<group>"; };
		3F29302023BD6F6800A96E25 /* LiteRSSTests.xctest */ = {isa = PBXFileReference; explicitFileType = wrapper.cfbundle; includeInIndex = 0; path = LiteRSSTests.xctest; sourceTree = BUILT_PRODUCTS_DIR; };
		3F29302423BD6F6800A96E25 /* LiteRSSTests.swift */ = {isa = PBXFileReference; lastKnownFileType = sourcecode.swift; path = LiteRSSTests.swift; sourceTree = "<group>"; };
		3F29302623BD6F6800A96E25 /* Info.plist */ = {isa = PBXFileReference; lastKnownFileType = text.plist.xml; path = Info.plist; sourceTree = "<group>"; };
		3F29302B23BD6F6900A96E25 /* LiteRSSUITests.xctest */ = {isa = PBXFileReference; explicitFileType = wrapper.cfbundle; includeInIndex = 0; path = LiteRSSUITests.xctest; sourceTree = BUILT_PRODUCTS_DIR; };
		3F29302F23BD6F6900A96E25 /* LiteRSSUITests.swift */ = {isa = PBXFileReference; lastKnownFileType = sourcecode.swift; path = LiteRSSUITests.swift; sourceTree = "<group>"; };
		3F29303123BD6F6900A96E25 /* Info.plist */ = {isa = PBXFileReference; lastKnownFileType = text.plist.xml; path = Info.plist; sourceTree = "<group>"; };
		3F29303D23BD773200A96E25 /* data.xml */ = {isa = PBXFileReference; lastKnownFileType = text.xml; path = data.xml; sourceTree = "<group>"; };
		53A01AFDF49502C088D7EB98 /* Pods-LiteRSS.debug.xcconfig */ = {isa = PBXFileReference; includeInIndex = 1; lastKnownFileType = text.xcconfig; name = "Pods-LiteRSS.debug.xcconfig"; path = "Target Support Files/Pods-LiteRSS/Pods-LiteRSS.debug.xcconfig"; sourceTree = "<group>"; };
		7C22514D1828E80ADC2C9B34 /* Pods-LiteRSS.release.xcconfig */ = {isa = PBXFileReference; includeInIndex = 1; lastKnownFileType = text.xcconfig; name = "Pods-LiteRSS.release.xcconfig"; path = "Target Support Files/Pods-LiteRSS/Pods-LiteRSS.release.xcconfig"; sourceTree = "<group>"; };
		7F024F1B67EC97BB77E2881B /* Pods_LiteRSS.framework */ = {isa = PBXFileReference; explicitFileType = wrapper.framework; includeInIndex = 0; path = Pods_LiteRSS.framework; sourceTree = BUILT_PRODUCTS_DIR; };
/* End PBXFileReference section */

/* Begin PBXFrameworksBuildPhase section */
		3F29300623BD6F6500A96E25 /* Frameworks */ = {
			isa = PBXFrameworksBuildPhase;
			buildActionMask = 2147483647;
			files = (
				7221D23040FDF2043F111D44 /* Pods_LiteRSS.framework in Frameworks */,
			);
			runOnlyForDeploymentPostprocessing = 0;
		};
		3F29301D23BD6F6800A96E25 /* Frameworks */ = {
			isa = PBXFrameworksBuildPhase;
			buildActionMask = 2147483647;
			files = (
			);
			runOnlyForDeploymentPostprocessing = 0;
		};
		3F29302823BD6F6900A96E25 /* Frameworks */ = {
			isa = PBXFrameworksBuildPhase;
			buildActionMask = 2147483647;
			files = (
			);
			runOnlyForDeploymentPostprocessing = 0;
		};
/* End PBXFrameworksBuildPhase section */

/* Begin PBXGroup section */
		02FC0965B8E378642FE00EFA /* Frameworks */ = {
			isa = PBXGroup;
			children = (
				7F024F1B67EC97BB77E2881B /* Pods_LiteRSS.framework */,
			);
			name = Frameworks;
			sourceTree = "<group>";
		};
		3F29300023BD6F6500A96E25 = {
			isa = PBXGroup;
			children = (
				3F29300B23BD6F6500A96E25 /* LiteRSS */,
				3F29302323BD6F6800A96E25 /* LiteRSSTests */,
				3F29302E23BD6F6900A96E25 /* LiteRSSUITests */,
				3F29300A23BD6F6500A96E25 /* Products */,
				4B4CF204AD31A1FEF0A8EA7F /* Pods */,
				02FC0965B8E378642FE00EFA /* Frameworks */,
			);
			sourceTree = "<group>";
		};
		3F29300A23BD6F6500A96E25 /* Products */ = {
			isa = PBXGroup;
			children = (
				3F29300923BD6F6500A96E25 /* LiteRSS.app */,
				3F29302023BD6F6800A96E25 /* LiteRSSTests.xctest */,
				3F29302B23BD6F6900A96E25 /* LiteRSSUITests.xctest */,
			);
			name = Products;
			sourceTree = "<group>";
		};
		3F29300B23BD6F6500A96E25 /* LiteRSS */ = {
			isa = PBXGroup;
			children = (
				3F29300C23BD6F6500A96E25 /* AppDelegate.swift */,
				3F29300E23BD6F6500A96E25 /* ViewController.swift */,
				3F29301023BD6F6500A96E25 /* Main.storyboard */,
				3F29301623BD6F6800A96E25 /* Assets.xcassets */,
				3F29301823BD6F6800A96E25 /* LaunchScreen.storyboard */,
				3F29301B23BD6F6800A96E25 /* Info.plist */,
				3F29301323BD6F6500A96E25 /* LiteRSS.xcdatamodeld */,
				3F29303D23BD773200A96E25 /* data.xml */,
			);
			path = LiteRSS;
			sourceTree = "<group>";
		};
		3F29302323BD6F6800A96E25 /* LiteRSSTests */ = {
			isa = PBXGroup;
			children = (
				3F29302423BD6F6800A96E25 /* LiteRSSTests.swift */,
				3F29302623BD6F6800A96E25 /* Info.plist */,
			);
			path = LiteRSSTests;
			sourceTree = "<group>";
		};
		3F29302E23BD6F6900A96E25 /* LiteRSSUITests */ = {
			isa = PBXGroup;
			children = (
				3F29302F23BD6F6900A96E25 /* LiteRSSUITests.swift */,
				3F29303123BD6F6900A96E25 /* Info.plist */,
			);
			path = LiteRSSUITests;
			sourceTree = "<group>";
		};
		4B4CF204AD31A1FEF0A8EA7F /* Pods */ = {
			isa = PBXGroup;
			children = (
				53A01AFDF49502C088D7EB98 /* Pods-LiteRSS.debug.xcconfig */,
				7C22514D1828E80ADC2C9B34 /* Pods-LiteRSS.release.xcconfig */,
			);
			path = Pods;
			sourceTree = "<group>";
		};
/* End PBXGroup section */

/* Begin PBXNativeTarget section */
		3F29300823BD6F6500A96E25 /* LiteRSS */ = {
			isa = PBXNativeTarget;
			buildConfigurationList = 3F29303423BD6F6900A96E25 /* Build configuration list for PBXNativeTarget "LiteRSS" */;
			buildPhases = (
				84B635F65200BEBB1CEC2F03 /* [CP] Check Pods Manifest.lock */,
				3F29300523BD6F6500A96E25 /* Sources */,
				3F29300623BD6F6500A96E25 /* Frameworks */,
				3F29300723BD6F6500A96E25 /* Resources */,
				EF2C5395E49F6DFDAE9F7CFA /* [CP] Embed Pods Frameworks */,
			);
			buildRules = (
			);
			dependencies = (
			);
			name = LiteRSS;
			productName = LiteRSS;
			productReference = 3F29300923BD6F6500A96E25 /* LiteRSS.app */;
			productType = "com.apple.product-type.application";
		};
		3F29301F23BD6F6800A96E25 /* LiteRSSTests */ = {
			isa = PBXNativeTarget;
			buildConfigurationList = 3F29303723BD6F6900A96E25 /* Build configuration list for PBXNativeTarget "LiteRSSTests" */;
			buildPhases = (
				3F29301C23BD6F6800A96E25 /* Sources */,
				3F29301D23BD6F6800A96E25 /* Frameworks */,
				3F29301E23BD6F6800A96E25 /* Resources */,
			);
			buildRules = (
			);
			dependencies = (
				3F29302223BD6F6800A96E25 /* PBXTargetDependency */,
			);
			name = LiteRSSTests;
			productName = LiteRSSTests;
			productReference = 3F29302023BD6F6800A96E25 /* LiteRSSTests.xctest */;
			productType = "com.apple.product-type.bundle.unit-test";
		};
		3F29302A23BD6F6900A96E25 /* LiteRSSUITests */ = {
			isa = PBXNativeTarget;
			buildConfigurationList = 3F29303A23BD6F6900A96E25 /* Build configuration list for PBXNativeTarget "LiteRSSUITests" */;
			buildPhases = (
				3F29302723BD6F6900A96E25 /* Sources */,
				3F29302823BD6F6900A96E25 /* Frameworks */,
				3F29302923BD6F6900A96E25 /* Resources */,
			);
			buildRules = (
			);
			dependencies = (
				3F29302D23BD6F6900A96E25 /* PBXTargetDependency */,
			);
			name = LiteRSSUITests;
			productName = LiteRSSUITests;
			productReference = 3F29302B23BD6F6900A96E25 /* LiteRSSUITests.xctest */;
			productType = "com.apple.product-type.bundle.ui-testing";
		};
/* End PBXNativeTarget section */

/* Begin PBXProject section */
		3F29300123BD6F6500A96E25 /* Project object */ = {
			isa = PBXProject;
			attributes = {
				LastSwiftUpdateCheck = 1010;
				LastUpgradeCheck = 1010;
				ORGANIZATIONNAME = CoderDream;
				TargetAttributes = {
					3F29300823BD6F6500A96E25 = {
						CreatedOnToolsVersion = 10.1;
					};
					3F29301F23BD6F6800A96E25 = {
						CreatedOnToolsVersion = 10.1;
						TestTargetID = 3F29300823BD6F6500A96E25;
					};
					3F29302A23BD6F6900A96E25 = {
						CreatedOnToolsVersion = 10.1;
						TestTargetID = 3F29300823BD6F6500A96E25;
					};
				};
			};
			buildConfigurationList = 3F29300423BD6F6500A96E25 /* Build configuration list for PBXProject "LiteRSS" */;
			compatibilityVersion = "Xcode 9.3";
			developmentRegion = en;
			hasScannedForEncodings = 0;
			knownRegions = (
				en,
				Base,
			);
			mainGroup = 3F29300023BD6F6500A96E25;
			productRefGroup = 3F29300A23BD6F6500A96E25 /* Products */;
			projectDirPath = "";
			projectRoot = "";
			targets = (
				3F29300823BD6F6500A96E25 /* LiteRSS */,
				3F29301F23BD6F6800A96E25 /* LiteRSSTests */,
				3F29302A23BD6F6900A96E25 /* LiteRSSUITests */,
			);
		};
/* End PBXProject section */

/* Begin PBXResourcesBuildPhase section */
		3F29300723BD6F6500A96E25 /* Resources */ = {
			isa = PBXResourcesBuildPhase;
			buildActionMask = 2147483647;
			files = (
				3F29301A23BD6F6800A96E25 /* LaunchScreen.storyboard in Resources */,
				3F29303E23BD773200A96E25 /* data.xml in Resources */,
				3F29301723BD6F6800A96E25 /* Assets.xcassets in Resources */,
				3F29301223BD6F6500A96E25 /* Main.storyboard in Resources */,
			);
			runOnlyForDeploymentPostprocessing = 0;
		};
		3F29301E23BD6F6800A96E25 /* Resources */ = {
			isa = PBXResourcesBuildPhase;
			buildActionMask = 2147483647;
			files = (
			);
			runOnlyForDeploymentPostprocessing = 0;
		};
		3F29302923BD6F6900A96E25 /* Resources */ = {
			isa = PBXResourcesBuildPhase;
			buildActionMask = 2147483647;
			files = (
			);
			runOnlyForDeploymentPostprocessing = 0;
		};
/* End PBXResourcesBuildPhase section */

/* Begin PBXShellScriptBuildPhase section */
		84B635F65200BEBB1CEC2F03 /* [CP] Check Pods Manifest.lock */ = {
			isa = PBXShellScriptBuildPhase;
			buildActionMask = 2147483647;
			files = (
			);
			inputFileListPaths = (
			);
			inputPaths = (
				"${PODS_PODFILE_DIR_PATH}/Podfile.lock",
				"${PODS_ROOT}/Manifest.lock",
			);
			name = "[CP] Check Pods Manifest.lock";
			outputFileListPaths = (
			);
			outputPaths = (
				"$(DERIVED_FILE_DIR)/Pods-LiteRSS-checkManifestLockResult.txt",
			);
			runOnlyForDeploymentPostprocessing = 0;
			shellPath = /bin/sh;
			shellScript = "diff \"${PODS_PODFILE_DIR_PATH}/Podfile.lock\" \"${PODS_ROOT}/Manifest.lock\" > /dev/null\nif [ $? != 0 ] ; then\n    # print error to STDERR\n    echo \"error: The sandbox is not in sync with the Podfile.lock. Run 'pod install' or update your CocoaPods installation.\" >&2\n    exit 1\nfi\n# This output is used by Xcode 'outputs' to avoid re-running this script phase.\necho \"SUCCESS\" > \"${SCRIPT_OUTPUT_FILE_0}\"\n";
			showEnvVarsInLog = 0;
		};
		EF2C5395E49F6DFDAE9F7CFA /* [CP] Embed Pods Frameworks */ = {
			isa = PBXShellScriptBuildPhase;
			buildActionMask = 2147483647;
			files = (
			);
			inputFileListPaths = (
			);
			inputPaths = (
				"${PODS_ROOT}/Target Support Files/Pods-LiteRSS/Pods-LiteRSS-frameworks.sh",
				"${BUILT_PRODUCTS_DIR}/Alamofire/Alamofire.framework",
				"${BUILT_PRODUCTS_DIR}/AlamofireXmlToObjects/AlamofireXmlToObjects.framework",
				"${BUILT_PRODUCTS_DIR}/EVReflection/EVReflection.framework",
				"${BUILT_PRODUCTS_DIR}/SWXMLHash/SWXMLHash.framework",
				"${BUILT_PRODUCTS_DIR}/XMLDictionary/XMLDictionary.framework",
			);
			name = "[CP] Embed Pods Frameworks";
			outputFileListPaths = (
			);
			outputPaths = (
				"${TARGET_BUILD_DIR}/${FRAMEWORKS_FOLDER_PATH}/Alamofire.framework",
				"${TARGET_BUILD_DIR}/${FRAMEWORKS_FOLDER_PATH}/AlamofireXmlToObjects.framework",
				"${TARGET_BUILD_DIR}/${FRAMEWORKS_FOLDER_PATH}/EVReflection.framework",
				"${TARGET_BUILD_DIR}/${FRAMEWORKS_FOLDER_PATH}/SWXMLHash.framework",
				"${TARGET_BUILD_DIR}/${FRAMEWORKS_FOLDER_PATH}/XMLDictionary.framework",
			);
			runOnlyForDeploymentPostprocessing = 0;
			shellPath = /bin/sh;
			shellScript = "\"${PODS_ROOT}/Target Support Files/Pods-LiteRSS/Pods-LiteRSS-frameworks.sh\"\n";
			showEnvVarsInLog = 0;
		};
/* End PBXShellScriptBuildPhase section */

/* Begin PBXSourcesBuildPhase section */
		3F29300523BD6F6500A96E25 /* Sources */ = {
			isa = PBXSourcesBuildPhase;
			buildActionMask = 2147483647;
			files = (
				3F29300F23BD6F6500A96E25 /* ViewController.swift in Sources */,
				3F29301523BD6F6500A96E25 /* LiteRSS.xcdatamodeld in Sources */,
				3F29300D23BD6F6500A96E25 /* AppDelegate.swift in Sources */,
			);
			runOnlyForDeploymentPostprocessing = 0;
		};
		3F29301C23BD6F6800A96E25 /* Sources */ = {
			isa = PBXSourcesBuildPhase;
			buildActionMask = 2147483647;
			files = (
				3F29302523BD6F6800A96E25 /* LiteRSSTests.swift in Sources */,
			);
			runOnlyForDeploymentPostprocessing = 0;
		};
		3F29302723BD6F6900A96E25 /* Sources */ = {
			isa = PBXSourcesBuildPhase;
			buildActionMask = 2147483647;
			files = (
				3F29303023BD6F6900A96E25 /* LiteRSSUITests.swift in Sources */,
			);
			runOnlyForDeploymentPostprocessing = 0;
		};
/* End PBXSourcesBuildPhase section */

/* Begin PBXTargetDependency section */
		3F29302223BD6F6800A96E25 /* PBXTargetDependency */ = {
			isa = PBXTargetDependency;
			target = 3F29300823BD6F6500A96E25 /* LiteRSS */;
			targetProxy = 3F29302123BD6F6800A96E25 /* PBXContainerItemProxy */;
		};
		3F29302D23BD6F6900A96E25 /* PBXTargetDependency */ = {
			isa = PBXTargetDependency;
			target = 3F29300823BD6F6500A96E25 /* LiteRSS */;
			targetProxy = 3F29302C23BD6F6900A96E25 /* PBXContainerItemProxy */;
		};
/* End PBXTargetDependency section */

/* Begin PBXVariantGroup section */
		3F29301023BD6F6500A96E25 /* Main.storyboard */ = {
			isa = PBXVariantGroup;
			children = (
				3F29301123BD6F6500A96E25 /* Base */,
			);
			name = Main.storyboard;
			sourceTree = "<group>";
		};
		3F29301823BD6F6800A96E25 /* LaunchScreen.storyboard */ = {
			isa = PBXVariantGroup;
			children = (
				3F29301923BD6F6800A96E25 /* Base */,
			);
			name = LaunchScreen.storyboard;
			sourceTree = "<group>";
		};
/* End PBXVariantGroup section */

/* Begin XCBuildConfiguration section */
		3F29303223BD6F6900A96E25 /* Debug */ = {
			isa = XCBuildConfiguration;
			buildSettings = {
				ALWAYS_SEARCH_USER_PATHS = NO;
				CLANG_ANALYZER_NONNULL = YES;
				CLANG_ANALYZER_NUMBER_OBJECT_CONVERSION = YES_AGGRESSIVE;
				CLANG_CXX_LANGUAGE_STANDARD = "gnu++14";
				CLANG_CXX_LIBRARY = "libc++";
				CLANG_ENABLE_MODULES = YES;
				CLANG_ENABLE_OBJC_ARC = YES;
				CLANG_ENABLE_OBJC_WEAK = YES;
				CLANG_WARN_BLOCK_CAPTURE_AUTORELEASING = YES;
				CLANG_WARN_BOOL_CONVERSION = YES;
				CLANG_WARN_COMMA = YES;
				CLANG_WARN_CONSTANT_CONVERSION = YES;
				CLANG_WARN_DEPRECATED_OBJC_IMPLEMENTATIONS = YES;
				CLANG_WARN_DIRECT_OBJC_ISA_USAGE = YES_ERROR;
				CLANG_WARN_DOCUMENTATION_COMMENTS = YES;
				CLANG_WARN_EMPTY_BODY = YES;
				CLANG_WARN_ENUM_CONVERSION = YES;
				CLANG_WARN_INFINITE_RECURSION = YES;
				CLANG_WARN_INT_CONVERSION = YES;
				CLANG_WARN_NON_LITERAL_NULL_CONVERSION = YES;
				CLANG_WARN_OBJC_IMPLICIT_RETAIN_SELF = YES;
				CLANG_WARN_OBJC_LITERAL_CONVERSION = YES;
				CLANG_WARN_OBJC_ROOT_CLASS = YES_ERROR;
				CLANG_WARN_RANGE_LOOP_ANALYSIS = YES;
				CLANG_WARN_STRICT_PROTOTYPES = YES;
				CLANG_WARN_SUSPICIOUS_MOVE = YES;
				CLANG_WARN_UNGUARDED_AVAILABILITY = YES_AGGRESSIVE;
				CLANG_WARN_UNREACHABLE_CODE = YES;
				CLANG_WARN__DUPLICATE_METHOD_MATCH = YES;
				CODE_SIGN_IDENTITY = "iPhone Developer";
				COPY_PHASE_STRIP = NO;
				DEBUG_INFORMATION_FORMAT = dwarf;
				ENABLE_STRICT_OBJC_MSGSEND = YES;
				ENABLE_TESTABILITY = YES;
				GCC_C_LANGUAGE_STANDARD = gnu11;
				GCC_DYNAMIC_NO_PIC = NO;
				GCC_NO_COMMON_BLOCKS = YES;
				GCC_OPTIMIZATION_LEVEL = 0;
				GCC_PREPROCESSOR_DEFINITIONS = (
					"DEBUG=1",
					"$(inherited)",
				);
				GCC_WARN_64_TO_32_BIT_CONVERSION = YES;
				GCC_WARN_ABOUT_RETURN_TYPE = YES_ERROR;
				GCC_WARN_UNDECLARED_SELECTOR = YES;
				GCC_WARN_UNINITIALIZED_AUTOS = YES_AGGRESSIVE;
				GCC_WARN_UNUSED_FUNCTION = YES;
				GCC_WARN_UNUSED_VARIABLE = YES;
				IPHONEOS_DEPLOYMENT_TARGET = 12.1;
				MTL_ENABLE_DEBUG_INFO = INCLUDE_SOURCE;
				MTL_FAST_MATH = YES;
				ONLY_ACTIVE_ARCH = YES;
				SDKROOT = iphoneos;
				SWIFT_ACTIVE_COMPILATION_CONDITIONS = DEBUG;
				SWIFT_OPTIMIZATION_LEVEL = "-Onone";
			};
			name = Debug;
		};
		3F29303323BD6F6900A96E25 /* Release */ = {
			isa = XCBuildConfiguration;
			buildSettings = {
				ALWAYS_SEARCH_USER_PATHS = NO;
				CLANG_ANALYZER_NONNULL = YES;
				CLANG_ANALYZER_NUMBER_OBJECT_CONVERSION = YES_AGGRESSIVE;
				CLANG_CXX_LANGUAGE_STANDARD = "gnu++14";
				CLANG_CXX_LIBRARY = "libc++";
				CLANG_ENABLE_MODULES = YES;
				CLANG_ENABLE_OBJC_ARC = YES;
				CLANG_ENABLE_OBJC_WEAK = YES;
				CLANG_WARN_BLOCK_CAPTURE_AUTORELEASING = YES;
				CLANG_WARN_BOOL_CONVERSION = YES;
				CLANG_WARN_COMMA = YES;
				CLANG_WARN_CONSTANT_CONVERSION = YES;
				CLANG_WARN_DEPRECATED_OBJC_IMPLEMENTATIONS = YES;
				CLANG_WARN_DIRECT_OBJC_ISA_USAGE = YES_ERROR;
				CLANG_WARN_DOCUMENTATION_COMMENTS = YES;
				CLANG_WARN_EMPTY_BODY = YES;
				CLANG_WARN_ENUM_CONVERSION = YES;
				CLANG_WARN_INFINITE_RECURSION = YES;
				CLANG_WARN_INT_CONVERSION = YES;
				CLANG_WARN_NON_LITERAL_NULL_CONVERSION = YES;
				CLANG_WARN_OBJC_IMPLICIT_RETAIN_SELF = YES;
				CLANG_WARN_OBJC_LITERAL_CONVERSION = YES;
				CLANG_WARN_OBJC_ROOT_CLASS = YES_ERROR;
				CLANG_WARN_RANGE_LOOP_ANALYSIS = YES;
				CLANG_WARN_STRICT_PROTOTYPES = YES;
				CLANG_WARN_SUSPICIOUS_MOVE = YES;
				CLANG_WARN_UNGUARDED_AVAILABILITY = YES_AGGRESSIVE;
				CLANG_WARN_UNREACHABLE_CODE = YES;
				CLANG_WARN__DUPLICATE_METHOD_MATCH = YES;
				CODE_SIGN_IDENTITY = "iPhone Developer";
				COPY_PHASE_STRIP = NO;
				DEBUG_INFORMATION_FORMAT = "dwarf-with-dsym";
				ENABLE_NS_ASSERTIONS = NO;
				ENABLE_STRICT_OBJC_MSGSEND = YES;
				GCC_C_LANGUAGE_STANDARD = gnu11;
				GCC_NO_COMMON_BLOCKS = YES;
				GCC_WARN_64_TO_32_BIT_CONVERSION = YES;
				GCC_WARN_ABOUT_RETURN_TYPE = YES_ERROR;
				GCC_WARN_UNDECLARED_SELECTOR = YES;
				GCC_WARN_UNINITIALIZED_AUTOS = YES_AGGRESSIVE;
				GCC_WARN_UNUSED_FUNCTION = YES;
				GCC_WARN_UNUSED_VARIABLE = YES;
				IPHONEOS_DEPLOYMENT_TARGET = 12.1;
				MTL_ENABLE_DEBUG_INFO = NO;
				MTL_FAST_MATH = YES;
				SDKROOT = iphoneos;
				SWIFT_COMPILATION_MODE = wholemodule;
				SWIFT_OPTIMIZATION_LEVEL = "-O";
				VALIDATE_PRODUCT = YES;
			};
			name = Release;
		};
		3F29303523BD6F6900A96E25 /* Debug */ = {
			isa = XCBuildConfiguration;
			baseConfigurationReference = 53A01AFDF49502C088D7EB98 /* Pods-LiteRSS.debug.xcconfig */;
			buildSettings = {
				ASSETCATALOG_COMPILER_APPICON_NAME = AppIcon;
				CODE_SIGN_STYLE = Automatic;
				DEVELOPMENT_TEAM = 6GP5VW643M;
				INFOPLIST_FILE = LiteRSS/Info.plist;
				LD_RUNPATH_SEARCH_PATHS = (
					"$(inherited)",
					"@executable_path/Frameworks",
				);
				PRODUCT_BUNDLE_IDENTIFIER = com.coderdream126.UITableView;
				PRODUCT_NAME = "$(TARGET_NAME)";
				SWIFT_VERSION = 4.2;
				TARGETED_DEVICE_FAMILY = "1,2";
			};
			name = Debug;
		};
		3F29303623BD6F6900A96E25 /* Release */ = {
			isa = XCBuildConfiguration;
			baseConfigurationReference = 7C22514D1828E80ADC2C9B34 /* Pods-LiteRSS.release.xcconfig */;
			buildSettings = {
				ASSETCATALOG_COMPILER_APPICON_NAME = AppIcon;
				CODE_SIGN_STYLE = Automatic;
				DEVELOPMENT_TEAM = 6GP5VW643M;
				INFOPLIST_FILE = LiteRSS/Info.plist;
				LD_RUNPATH_SEARCH_PATHS = (
					"$(inherited)",
					"@executable_path/Frameworks",
				);
				PRODUCT_BUNDLE_IDENTIFIER = com.coderdream126.UITableView;
				PRODUCT_NAME = "$(TARGET_NAME)";
				SWIFT_VERSION = 4.2;
				TARGETED_DEVICE_FAMILY = "1,2";
			};
			name = Release;
		};
		3F29303823BD6F6900A96E25 /* Debug */ = {
			isa = XCBuildConfiguration;
			buildSettings = {
				ALWAYS_EMBED_SWIFT_STANDARD_LIBRARIES = YES;
				BUNDLE_LOADER = "$(TEST_HOST)";
				CODE_SIGN_STYLE = Automatic;
				INFOPLIST_FILE = LiteRSSTests/Info.plist;
				LD_RUNPATH_SEARCH_PATHS = (
					"$(inherited)",
					"@executable_path/Frameworks",
					"@loader_path/Frameworks",
				);
				PRODUCT_BUNDLE_IDENTIFIER = com.coderdream126.LiteRSSTests;
				PRODUCT_NAME = "$(TARGET_NAME)";
				SWIFT_VERSION = 4.2;
				TARGETED_DEVICE_FAMILY = "1,2";
				TEST_HOST = "$(BUILT_PRODUCTS_DIR)/LiteRSS.app/LiteRSS";
			};
			name = Debug;
		};
		3F29303923BD6F6900A96E25 /* Release */ = {
			isa = XCBuildConfiguration;
			buildSettings = {
				ALWAYS_EMBED_SWIFT_STANDARD_LIBRARIES = YES;
				BUNDLE_LOADER = "$(TEST_HOST)";
				CODE_SIGN_STYLE = Automatic;
				INFOPLIST_FILE = LiteRSSTests/Info.plist;
				LD_RUNPATH_SEARCH_PATHS = (
					"$(inherited)",
					"@executable_path/Frameworks",
					"@loader_path/Frameworks",
				);
				PRODUCT_BUNDLE_IDENTIFIER = com.coderdream126.LiteRSSTests;
				PRODUCT_NAME = "$(TARGET_NAME)";
				SWIFT_VERSION = 4.2;
				TARGETED_DEVICE_FAMILY = "1,2";
				TEST_HOST = "$(BUILT_PRODUCTS_DIR)/LiteRSS.app/LiteRSS";
			};
			name = Release;
		};
		3F29303B23BD6F6900A96E25 /* Debug */ = {
			isa = XCBuildConfiguration;
			buildSettings = {
				ALWAYS_EMBED_SWIFT_STANDARD_LIBRARIES = YES;
				CODE_SIGN_STYLE = Automatic;
				INFOPLIST_FILE = LiteRSSUITests/Info.plist;
				LD_RUNPATH_SEARCH_PATHS = (
					"$(inherited)",
					"@executable_path/Frameworks",
					"@loader_path/Frameworks",
				);
				PRODUCT_BUNDLE_IDENTIFIER = com.coderdream126.LiteRSSUITests;
				PRODUCT_NAME = "$(TARGET_NAME)";
				SWIFT_VERSION = 4.2;
				TARGETED_DEVICE_FAMILY = "1,2";
				TEST_TARGET_NAME = LiteRSS;
			};
			name = Debug;
		};
		3F29303C23BD6F6900A96E25 /* Release */ = {
			isa = XCBuildConfiguration;
			buildSettings = {
				ALWAYS_EMBED_SWIFT_STANDARD_LIBRARIES = YES;
				CODE_SIGN_STYLE = Automatic;
				INFOPLIST_FILE = LiteRSSUITests/Info.plist;
				LD_RUNPATH_SEARCH_PATHS = (
					"$(inherited)",
					"@executable_path/Frameworks",
					"@loader_path/Frameworks",
				);
				PRODUCT_BUNDLE_IDENTIFIER = com.coderdream126.LiteRSSUITests;
				PRODUCT_NAME = "$(TARGET_NAME)";
				SWIFT_VERSION = 4.2;
				TARGETED_DEVICE_FAMILY = "1,2";
				TEST_TARGET_NAME = LiteRSS;
			};
			name = Release;
		};
/* End XCBuildConfiguration section */

/* Begin XCConfigurationList section */
		3F29300423BD6F6500A96E25 /* Build configuration list for PBXProject "LiteRSS" */ = {
			isa = XCConfigurationList;
			buildConfigurations = (
				3F29303223BD6F6900A96E25 /* Debug */,
				3F29303323BD6F6900A96E25 /* Release */,
			);
			defaultConfigurationIsVisible = 0;
			defaultConfigurationName = Release;
		};
		3F29303423BD6F6900A96E25 /* Build configuration list for PBXNativeTarget "LiteRSS" */ = {
			isa = XCConfigurationList;
			buildConfigurations = (
				3F29303523BD6F6900A96E25 /* Debug */,
				3F29303623BD6F6900A96E25 /* Release */,
			);
			defaultConfigurationIsVisible = 0;
			defaultConfigurationName = Release;
		};
		3F29303723BD6F6900A96E25 /* Build configuration list for PBXNativeTarget "LiteRSSTests" */ = {
			isa = XCConfigurationList;
			buildConfigurations = (
				3F29303823BD6F6900A96E25 /* Debug */,
				3F29303923BD6F6900A96E25 /* Release */,
			);
			defaultConfigurationIsVisible = 0;
			defaultConfigurationName = Release;
		};
		3F29303A23BD6F6900A96E25 /* Build configuration list for PBXNativeTarget "LiteRSSUITests" */ = {
			isa = XCConfigurationList;
			buildConfigurations = (
				3F29303B23BD6F6900A96E25 /* Debug */,
				3F29303C23BD6F6900A96E25 /* Release */,
			);
			defaultConfigurationIsVisible = 0;
			defaultConfigurationName = Release;
		};
/* End XCConfigurationList section */

/* Begin XCVersionGroup section */
		3F29301323BD6F6500A96E25 /* LiteRSS.xcdatamodeld */ = {
			isa = XCVersionGroup;
			children = (
				3F29301423BD6F6500A96E25 /* LiteRSS.xcdatamodel */,
			);
			currentVersion = 3F29301423BD6F6500A96E25 /* LiteRSS.xcdatamodel */;
			path = LiteRSS.xcdatamodeld;
			sourceTree = "<group>";
			versionGroupType = wrapper.xcdatamodel;
		};
/* End XCVersionGroup section */
	};
	rootObject = 3F29300123BD6F6500A96E25 /* Project object */;
}
